
Microsoft Visual Studio Solution File, Format Version 12.00
# Visual Studio 2012
Project("{FAE04EC0-301F-11D3-BF4B-00C04F79EFBC}") = "Engine", "X13Engine\Engine.csproj", "{95861A56-393C-4779-A84C-3840EC0A9304}"
EndProject
Project("{2150E333-8FDC-42A3-9474-1A3956D46DE8}") = "bin", "bin", "{5B4161F4-E2B5-4A0D-8C89-7B9F97728466}"
	ProjectSection(SolutionItems) = preProject
		bin\AvalonDock.dll = bin\AvalonDock.dll
		bin\AvalonDock.Themes.dll = bin\AvalonDock.Themes.dll
		bin\Community.CsharpSqlite.dll = bin\Community.CsharpSqlite.dll
		bin\Newtonsoft.Json.dll = bin\Newtonsoft.Json.dll
		bin\OneWireLinkLayer.dll = bin\OneWireLinkLayer.dll
		bin\WPFToolkit.Extended.dll = bin\WPFToolkit.Extended.dll
	EndProjectSection
EndProject
Project("{FAE04EC0-301F-11D3-BF4B-00C04F79EFBC}") = "CCWPF", "CCWPF\CCWPF.csproj", "{B57A47E1-8602-4A85-A160-E84FF9622420}"
EndProject
Project("{FAE04EC0-301F-11D3-BF4B-00C04F79EFBC}") = "X13Svc", "X13Svc\X13Svc.csproj", "{3E13824A-1078-46B7-AB02-5AC8DF311562}"
EndProject
Project("{2150E333-8FDC-42A3-9474-1A3956D46DE8}") = "plugins", "plugins", "{8FA8C7C4-5060-4993-86DB-F6F7AD3F31A0}"
EndProject
Project("{2150E333-8FDC-42A3-9474-1A3956D46DE8}") = "statements", "statements", "{55722C60-92B2-4AF2-8EF8-2D3F56FD84F6}"
EndProject
Project("{FAE04EC0-301F-11D3-BF4B-00C04F79EFBC}") = "ExpStatements", "statements\ExpStatements\ExpStatements.csproj", "{E6C73F8B-D966-47B6-8C0A-87E878A518E4}"
EndProject
Project("{FAE04EC0-301F-11D3-BF4B-00C04F79EFBC}") = "HttpServer", "plugins\HttpServer\HttpServer.csproj", "{77161FD0-777F-490F-88E0-DAEC394C6BCA}"
EndProject
Project("{FAE04EC0-301F-11D3-BF4B-00C04F79EFBC}") = "MQTTS", "plugins\MQTTS\MQTTS.csproj", "{F87698F1-486E-44BF-BBC9-C1124C61528F}"
EndProject
Project("{FAE04EC0-301F-11D3-BF4B-00C04F79EFBC}") = "OneWire", "plugins\OneWire\OneWire.csproj", "{F9686660-E95F-491C-A456-27A1BCA7954B}"
EndProject
Project("{FAE04EC0-301F-11D3-BF4B-00C04F79EFBC}") = "PersistentStorage", "plugins\PersistentStorage\PersistentStorage.csproj", "{C1FA9660-9931-4627-84BA-92D759769806}"
EndProject
Project("{FAE04EC0-301F-11D3-BF4B-00C04F79EFBC}") = "PersistentStorage_mono", "plugins\PersistentStorage_mono\PersistentStorage_mono.csproj", "{956793FB-3CC7-45DE-8851-489E0FF084BC}"
EndProject
Global
	GlobalSection(SolutionConfigurationPlatforms) = preSolution
		Debug|Any CPU = Debug|Any CPU
		Mono|Any CPU = Mono|Any CPU
		Release|Any CPU = Release|Any CPU
	EndGlobalSection
	GlobalSection(ProjectConfigurationPlatforms) = postSolution
		{95861A56-393C-4779-A84C-3840EC0A9304}.Debug|Any CPU.ActiveCfg = Debug|Any CPU
		{95861A56-393C-4779-A84C-3840EC0A9304}.Debug|Any CPU.Build.0 = Debug|Any CPU
		{95861A56-393C-4779-A84C-3840EC0A9304}.Mono|Any CPU.ActiveCfg = Release|Any CPU
		{95861A56-393C-4779-A84C-3840EC0A9304}.Mono|Any CPU.Build.0 = Release|Any CPU
		{95861A56-393C-4779-A84C-3840EC0A9304}.Release|Any CPU.ActiveCfg = Release|Any CPU
		{95861A56-393C-4779-A84C-3840EC0A9304}.Release|Any CPU.Build.0 = Release|Any CPU
		{B57A47E1-8602-4A85-A160-E84FF9622420}.Debug|Any CPU.ActiveCfg = Debug|Any CPU
		{B57A47E1-8602-4A85-A160-E84FF9622420}.Mono|Any CPU.ActiveCfg = Release|Any CPU
		{B57A47E1-8602-4A85-A160-E84FF9622420}.Release|Any CPU.ActiveCfg = Release|Any CPU
		{B57A47E1-8602-4A85-A160-E84FF9622420}.Release|Any CPU.Build.0 = Release|Any CPU
		{3E13824A-1078-46B7-AB02-5AC8DF311562}.Debug|Any CPU.ActiveCfg = Debug|Any CPU
		{3E13824A-1078-46B7-AB02-5AC8DF311562}.Mono|Any CPU.ActiveCfg = Release|Any CPU
		{3E13824A-1078-46B7-AB02-5AC8DF311562}.Release|Any CPU.ActiveCfg = Release|Any CPU
		{3E13824A-1078-46B7-AB02-5AC8DF311562}.Release|Any CPU.Build.0 = Release|Any CPU
		{E6C73F8B-D966-47B6-8C0A-87E878A518E4}.Debug|Any CPU.ActiveCfg = Debug|Any CPU
		{E6C73F8B-D966-47B6-8C0A-87E878A518E4}.Mono|Any CPU.ActiveCfg = Release|Any CPU
		{E6C73F8B-D966-47B6-8C0A-87E878A518E4}.Release|Any CPU.ActiveCfg = Release|Any CPU
		{E6C73F8B-D966-47B6-8C0A-87E878A518E4}.Release|Any CPU.Build.0 = Release|Any CPU
		{77161FD0-777F-490F-88E0-DAEC394C6BCA}.Debug|Any CPU.ActiveCfg = Debug|Any CPU
		{77161FD0-777F-490F-88E0-DAEC394C6BCA}.Mono|Any CPU.ActiveCfg = Mono|Any CPU
		{77161FD0-777F-490F-88E0-DAEC394C6BCA}.Release|Any CPU.ActiveCfg = Release|Any CPU
		{77161FD0-777F-490F-88E0-DAEC394C6BCA}.Release|Any CPU.Build.0 = Release|Any CPU
		{F87698F1-486E-44BF-BBC9-C1124C61528F}.Debug|Any CPU.ActiveCfg = Debug|Any CPU
		{F87698F1-486E-44BF-BBC9-C1124C61528F}.Mono|Any CPU.ActiveCfg = Mono|Any CPU
		{F87698F1-486E-44BF-BBC9-C1124C61528F}.Release|Any CPU.ActiveCfg = Release|Any CPU
		{F87698F1-486E-44BF-BBC9-C1124C61528F}.Release|Any CPU.Build.0 = Release|Any CPU
		{F9686660-E95F-491C-A456-27A1BCA7954B}.Debug|Any CPU.ActiveCfg = Debug|Any CPU
		{F9686660-E95F-491C-A456-27A1BCA7954B}.Mono|Any CPU.ActiveCfg = Release|Any CPU
		{F9686660-E95F-491C-A456-27A1BCA7954B}.Release|Any CPU.ActiveCfg = Release|Any CPU
		{F9686660-E95F-491C-A456-27A1BCA7954B}.Release|Any CPU.Build.0 = Release|Any CPU
		{C1FA9660-9931-4627-84BA-92D759769806}.Debug|Any CPU.ActiveCfg = Debug|Any CPU
		{C1FA9660-9931-4627-84BA-92D759769806}.Debug|Any CPU.Build.0 = Debug|Any CPU
		{C1FA9660-9931-4627-84BA-92D759769806}.Mono|Any CPU.ActiveCfg = Mono|Any CPU
		{C1FA9660-9931-4627-84BA-92D759769806}.Release|Any CPU.ActiveCfg = Release|Any CPU
		{C1FA9660-9931-4627-84BA-92D759769806}.Release|Any CPU.Build.0 = Release|Any CPU
		{956793FB-3CC7-45DE-8851-489E0FF084BC}.Debug|Any CPU.ActiveCfg = Debug|Any CPU
		{956793FB-3CC7-45DE-8851-489E0FF084BC}.Mono|Any CPU.ActiveCfg = Mono|Any CPU
		{956793FB-3CC7-45DE-8851-489E0FF084BC}.Mono|Any CPU.Build.0 = Mono|Any CPU
		{956793FB-3CC7-45DE-8851-489E0FF084BC}.Release|Any CPU.ActiveCfg = Release|Any CPU
	EndGlobalSection
	GlobalSection(SolutionProperties) = preSolution
		HideSolutionNode = FALSE
	EndGlobalSection
	GlobalSection(NestedProjects) = preSolution
		{77161FD0-777F-490F-88E0-DAEC394C6BCA} = {8FA8C7C4-5060-4993-86DB-F6F7AD3F31A0}
		{F87698F1-486E-44BF-BBC9-C1124C61528F} = {8FA8C7C4-5060-4993-86DB-F6F7AD3F31A0}
		{F9686660-E95F-491C-A456-27A1BCA7954B} = {8FA8C7C4-5060-4993-86DB-F6F7AD3F31A0}
		{C1FA9660-9931-4627-84BA-92D759769806} = {8FA8C7C4-5060-4993-86DB-F6F7AD3F31A0}
		{956793FB-3CC7-45DE-8851-489E0FF084BC} = {8FA8C7C4-5060-4993-86DB-F6F7AD3F31A0}
		{E6C73F8B-D966-47B6-8C0A-87E878A518E4} = {55722C60-92B2-4AF2-8EF8-2D3F56FD84F6}
	EndGlobalSection
EndGlobal
